{
  "name": "moduleDesign",
  "version": "0.0.1",
  "lockfileVersion": 1,
  "requires": true,
  "dependencies": {
    "@jscad/csg": {
      "version": "0.5.3",
      "resolved": "https://registry.npmjs.org/@jscad/csg/-/csg-0.5.3.tgz",
      "integrity": "sha512-yEnA8Whd+MaEwMb0H9YzcAUiswEpXO60fa+zNFgec+RyaqorAmbW5uwK9+FGBBKnxkzJ+TGlwjv8R1X180mMlg=="
    }
  }
}
